
Microsoft Visual Studio Solution File, Format Version 12.00
# Visual Studio Version 17
VisualStudioVersion = 17.14.37628.2 d17.14
MinimumVisualStudioVersion = 10.0.40219.1
Project("{FAE04EC0-301F-11D3-BF4B-00C04F79EFBC}") = "WebhookService.Api", "src\WebhookService.Api\WebhookService.Api.csproj", "{4050B9D6-BA13-4CE6-B418-59AEB27276E5}"
EndProject
Global
	GlobalSection(SolutionConfigurationPlatforms) = preSolution
		Debug|Any CPU = Debug|Any CPU
		Release|Any CPU = Release|Any CPU
	EndGlobalSection
	GlobalSection(ProjectConfigurationPlatforms) = postSolution
		{4050B9D6-BA13-4CE6-B418-59AEB27276E5}.Debug|Any CPU.ActiveCfg = Debug|Any CPU
		{4050B9D6-BA13-4CE6-B418-59AEB27276E5}.Debug|Any CPU.Build.0 = Debug|Any CPU
		{4050B9D6-BA13-4CE6-B418-59AEB27276E5}.Release|Any CPU.ActiveCfg = Release|Any CPU
		{4050B9D6-BA13-4CE6-B418-59AEB27276E5}.Release|Any CPU.Build.0 = Release|Any CPU
	EndGlobalSection
	GlobalSection(SolutionProperties) = preSolution
		HideSolutionNode = FALSE
	EndGlobalSection
	GlobalSection(ExtensibilityGlobals) = postSolution
		SolutionGuid = {3D6BB8B6-9B44-467E-8E63-C2BD1DBD776E}
	EndGlobalSection
EndGlobal
